// !$*UTF8*$!
{
	archiveVersion = 1;
	classes = {
	};
	objectVersion = 50;
	objects = {

/* Begin PBXBuildFile section */
		950F127B2236858F006396F1 /* BaseView.swift in Sources */ = {isa = PBXBuildFile; fileRef = 950F127A2236858F006396F1 /* BaseView.swift */; };
		950F127F223686C2006396F1 /* DetailsFoodView.swift in Sources */ = {isa = PBXBuildFile; fileRef = 950F127E223686C2006396F1 /* DetailsFoodView.swift */; };
		950F1281223688B6006396F1 /* DetailsFoodViewController.swift in Sources */ = {isa = PBXBuildFile; fileRef = 950F1280223688B6006396F1 /* DetailsFoodViewController.swift */; };
		950F1284223689BD006396F1 /* RestaurantTableViewController.swift in Sources */ = {isa = PBXBuildFile; fileRef = 950F1283223689BD006396F1 /* RestaurantTableViewController.swift */; };
		950F128722368A43006396F1 /* restaurantTableViewCell.swift in Sources */ = {isa = PBXBuildFile; fileRef = 950F128622368A43006396F1 /* restaurantTableViewCell.swift */; };
		951282D82237DA9600A79854 /* Podfile in Resources */ = {isa = PBXBuildFile; fileRef = 951282D72237DA9600A79854 /* Podfile */; };
		951D178222368E8700AD5B0E /* LocationView.swift in Sources */ = {isa = PBXBuildFile; fileRef = 951D178122368E8700AD5B0E /* LocationView.swift */; };
		951D178422368F7800AD5B0E /* LocationViewController.swift in Sources */ = {isa = PBXBuildFile; fileRef = 951D178322368F7800AD5B0E /* LocationViewController.swift */; };
		957A457B22352B7C0011B3DD /* AppDelegate.swift in Sources */ = {isa = PBXBuildFile; fileRef = 957A457A22352B7C0011B3DD /* AppDelegate.swift */; };
		957A457D22352B7C0011B3DD /* ViewController.swift in Sources */ = {isa = PBXBuildFile; fileRef = 957A457C22352B7C0011B3DD /* ViewController.swift */; };
		957A458022352B7C0011B3DD /* Main.storyboard in Resources */ = {isa = PBXBuildFile; fileRef = 957A457E22352B7C0011B3DD /* Main.storyboard */; };
		957A458222352B7F0011B3DD /* Assets.xcassets in Resources */ = {isa = PBXBuildFile; fileRef = 957A458122352B7F0011B3DD /* Assets.xcassets */; };
		957A458522352B7F0011B3DD /* LaunchScreen.storyboard in Resources */ = {isa = PBXBuildFile; fileRef = 957A458322352B7F0011B3DD /* LaunchScreen.storyboard */; };
		959AE92F22384A2B00202E43 /* NetworkService.swift in Sources */ = {isa = PBXBuildFile; fileRef = 959AE92E22384A2B00202E43 /* NetworkService.swift */; };
		959AE931223860F900202E43 /* Models.swift in Sources */ = {isa = PBXBuildFile; fileRef = 959AE930223860F900202E43 /* Models.swift */; };
		95A0122D223D3CF300808BF0 /* DetailsCollectionViewCell.swift in Sources */ = {isa = PBXBuildFile; fileRef = 95A0122C223D3CF300808BF0 /* DetailsCollectionViewCell.swift */; };
		95C839DB2236C176008BE495 /* LocationService.swift in Sources */ = {isa = PBXBuildFile; fileRef = 95C839DA2236C176008BE495 /* LocationService.swift */; };
		9FFDF382C179F27941028AD3 /* Pods_RestaurantApp.framework in Frameworks */ = {isa = PBXBuildFile; fileRef = 8FA1EBEC9197F256962059B2 /* Pods_RestaurantApp.framework */; };
/* End PBXBuildFile section */

/* Begin PBXFileReference section */
		1E6ABEA69537DDAD1F72DA20 /* Pods-RestaurantApp.release.xcconfig */ = {isa = PBXFileReference; includeInIndex = 1; lastKnownFileType = text.xcconfig; name = "Pods-RestaurantApp.release.xcconfig"; path = "Target Support Files/Pods-RestaurantApp/Pods-RestaurantApp.release.xcconfig"; sourceTree = "<group>"; };
		8FA1EBEC9197F256962059B2 /* Pods_RestaurantApp.framework */ = {isa = PBXFileReference; explicitFileType = wrapper.framework; includeInIndex = 0; path = Pods_RestaurantApp.framework; sourceTree = BUILT_PRODUCTS_DIR; };
		904E4F90958D7085BBDBA31A /* Pods-RestaurantApp.debug.xcconfig */ = {isa = PBXFileReference; includeInIndex = 1; lastKnownFileType = text.xcconfig; name = "Pods-RestaurantApp.debug.xcconfig"; path = "Target Support Files/Pods-RestaurantApp/Pods-RestaurantApp.debug.xcconfig"; sourceTree = "<group>"; };
		950F127A2236858F006396F1 /* BaseView.swift */ = {isa = PBXFileReference; lastKnownFileType = sourcecode.swift; path = BaseView.swift; sourceTree = "<group>"; };
		950F127E223686C2006396F1 /* DetailsFoodView.swift */ = {isa = PBXFileReference; lastKnownFileType = sourcecode.swift; path = DetailsFoodView.swift; sourceTree = "<group>"; };
		950F1280223688B6006396F1 /* DetailsFoodViewController.swift */ = {isa = PBXFileReference; lastKnownFileType = sourcecode.swift; path = DetailsFoodViewController.swift; sourceTree = "<group>"; };
		950F1283223689BD006396F1 /* RestaurantTableViewController.swift */ = {isa = PBXFileReference; lastKnownFileType = sourcecode.swift; path = RestaurantTableViewController.swift; sourceTree = "<group>"; };
		950F128622368A43006396F1 /* restaurantTableViewCell.swift */ = {isa = PBXFileReference; lastKnownFileType = sourcecode.swift; path = restaurantTableViewCell.swift; sourceTree = "<group>"; };
		951282D72237DA9600A79854 /* Podfile */ = {isa = PBXFileReference; lastKnownFileType = text; path = Podfile; sourceTree = "<group>"; xcLanguageSpecificationIdentifier = xcode.lang.ruby; };
		951D178122368E8700AD5B0E /* LocationView.swift */ = {isa = PBXFileReference; lastKnownFileType = sourcecode.swift; path = LocationView.swift; sourceTree = "<group>"; };
		951D178322368F7800AD5B0E /* LocationViewController.swift */ = {isa = PBXFileReference; lastKnownFileType = sourcecode.swift; path = LocationViewController.swift; sourceTree = "<group>"; };
		957A457722352B7C0011B3DD /* RestaurantApp.app */ = {isa = PBXFileReference; explicitFileType = wrapper.application; includeInIndex = 0; path = RestaurantApp.app; sourceTree = BUILT_PRODUCTS_DIR; };
		957A457A22352B7C0011B3DD /* AppDelegate.swift */ = {isa = PBXFileReference; lastKnownFileType = sourcecode.swift; path = AppDelegate.swift; sourceTree = "<group>"; };
		957A457C22352B7C0011B3DD /* ViewController.swift */ = {isa = PBXFileReference; lastKnownFileType = sourcecode.swift; path = ViewController.swift; sourceTree = "<group>"; };
		957A457F22352B7C0011B3DD /* Base */ = {isa = PBXFileReference; lastKnownFileType = file.storyboard; name = Base; path = Base.lproj/Main.storyboard; sourceTree = "<group>"; };
		957A458122352B7F0011B3DD /* Assets.xcassets */ = {isa = PBXFileReference; lastKnownFileType = folder.assetcatalog; path = Assets.xcassets; sourceTree = "<group>"; };
		957A458422352B7F0011B3DD /* Base */ = {isa = PBXFileReference; lastKnownFileType = file.storyboard; name = Base; path = Base.lproj/LaunchScreen.storyboard; sourceTree = "<group>"; };
		957A458622352B7F0011B3DD /* Info.plist */ = {isa = PBXFileReference; lastKnownFileType = text.plist.xml; path = Info.plist; sourceTree = "<group>"; };
		959AE92E22384A2B00202E43 /* NetworkService.swift */ = {isa = PBXFileReference; lastKnownFileType = sourcecode.swift; path = NetworkService.swift; sourceTree = "<group>"; };
		959AE930223860F900202E43 /* Models.swift */ = {isa = PBXFileReference; lastKnownFileType = sourcecode.swift; path = Models.swift; sourceTree = "<group>"; };
		95A0122C223D3CF300808BF0 /* DetailsCollectionViewCell.swift */ = {isa = PBXFileReference; lastKnownFileType = sourcecode.swift; path = DetailsCollectionViewCell.swift; sourceTree = "<group>"; };
		95C839DA2236C176008BE495 /* LocationService.swift */ = {isa = PBXFileReference; lastKnownFileType = sourcecode.swift; path = LocationService.swift; sourceTree = "<group>"; };
/* End PBXFileReference section */

/* Begin PBXFrameworksBuildPhase section */
		957A457422352B7B0011B3DD /* Frameworks */ = {
			isa = PBXFrameworksBuildPhase;
			buildActionMask = 2147483647;
			files = (
				9FFDF382C179F27941028AD3 /* Pods_RestaurantApp.framework in Frameworks */,
			);
			runOnlyForDeploymentPostprocessing = 0;
		};
/* End PBXFrameworksBuildPhase section */

/* Begin PBXGroup section */
		4DF33544B065023651B4D21F /* Pods */ = {
			isa = PBXGroup;
			children = (
				904E4F90958D7085BBDBA31A /* Pods-RestaurantApp.debug.xcconfig */,
				1E6ABEA69537DDAD1F72DA20 /* Pods-RestaurantApp.release.xcconfig */,
			);
			path = Pods;
			sourceTree = "<group>";
		};
		950F12752236837A006396F1 /* Screen */ = {
			isa = PBXGroup;
			children = (
				951D177F22368E3700AD5B0E /* Location */,
				950F128222368963006396F1 /* list */,
				950F127C2236866B006396F1 /* Details */,
				950F127A2236858F006396F1 /* BaseView.swift */,
			);
			path = Screen;
			sourceTree = "<group>";
		};
		950F127C2236866B006396F1 /* Details */ = {
			isa = PBXGroup;
			children = (
				950F127D223686A3006396F1 /* Views */,
				950F1280223688B6006396F1 /* DetailsFoodViewController.swift */,
			);
			path = Details;
			sourceTree = "<group>";
		};
		950F127D223686A3006396F1 /* Views */ = {
			isa = PBXGroup;
			children = (
				950F127E223686C2006396F1 /* DetailsFoodView.swift */,
				95A0122C223D3CF300808BF0 /* DetailsCollectionViewCell.swift */,
			);
			path = Views;
			sourceTree = "<group>";
		};
		950F128222368963006396F1 /* list */ = {
			isa = PBXGroup;
			children = (
				950F1285223689E6006396F1 /* Views */,
				950F1283223689BD006396F1 /* RestaurantTableViewController.swift */,
				959AE930223860F900202E43 /* Models.swift */,
			);
			path = list;
			sourceTree = "<group>";
		};
		950F1285223689E6006396F1 /* Views */ = {
			isa = PBXGroup;
			children = (
				950F128622368A43006396F1 /* restaurantTableViewCell.swift */,
			);
			path = Views;
			sourceTree = "<group>";
		};
		951D177F22368E3700AD5B0E /* Location */ = {
			isa = PBXGroup;
			children = (
				951D178022368E4700AD5B0E /* Views */,
				951D178322368F7800AD5B0E /* LocationViewController.swift */,
			);
			path = Location;
			sourceTree = "<group>";
		};
		951D178022368E4700AD5B0E /* Views */ = {
			isa = PBXGroup;
			children = (
				951D178122368E8700AD5B0E /* LocationView.swift */,
			);
			path = Views;
			sourceTree = "<group>";
		};
		957A456E22352B7B0011B3DD = {
			isa = PBXGroup;
			children = (
				951282D72237DA9600A79854 /* Podfile */,
				957A457922352B7C0011B3DD /* RestaurantApp */,
				957A457822352B7C0011B3DD /* Products */,
				4DF33544B065023651B4D21F /* Pods */,
				DB9A35455AF7547FAD365746 /* Frameworks */,
			);
			sourceTree = "<group>";
		};
		957A457822352B7C0011B3DD /* Products */ = {
			isa = PBXGroup;
			children = (
				957A457722352B7C0011B3DD /* RestaurantApp.app */,
			);
			name = Products;
			sourceTree = "<group>";
		};
		957A457922352B7C0011B3DD /* RestaurantApp */ = {
			isa = PBXGroup;
			children = (
				95C839D92236C156008BE495 /* Services */,
				950F12752236837A006396F1 /* Screen */,
				957A457A22352B7C0011B3DD /* AppDelegate.swift */,
				957A457C22352B7C0011B3DD /* ViewController.swift */,
				957A457E22352B7C0011B3DD /* Main.storyboard */,
				957A458122352B7F0011B3DD /* Assets.xcassets */,
				957A458322352B7F0011B3DD /* LaunchScreen.storyboard */,
				957A458622352B7F0011B3DD /* Info.plist */,
			);
			path = RestaurantApp;
			sourceTree = "<group>";
		};
		95C839D92236C156008BE495 /* Services */ = {
			isa = PBXGroup;
			children = (
				95C839DA2236C176008BE495 /* LocationService.swift */,
				959AE92E22384A2B00202E43 /* NetworkService.swift */,
			);
			path = Services;
			sourceTree = "<group>";
		};
		DB9A35455AF7547FAD365746 /* Frameworks */ = {
			isa = PBXGroup;
			children = (
				8FA1EBEC9197F256962059B2 /* Pods_RestaurantApp.framework */,
			);
			name = Frameworks;
			sourceTree = "<group>";
		};
/* End PBXGroup section */

/* Begin PBXNativeTarget section */
		957A457622352B7B0011B3DD /* RestaurantApp */ = {
			isa = PBXNativeTarget;
			buildConfigurationList = 957A458922352B7F0011B3DD /* Build configuration list for PBXNativeTarget "RestaurantApp" */;
			buildPhases = (
				8A188AFFFD903D064BFC2995 /* [CP] Check Pods Manifest.lock */,
				957A457322352B7B0011B3DD /* Sources */,
				957A457422352B7B0011B3DD /* Frameworks */,
				957A457522352B7B0011B3DD /* Resources */,
				505E1FE8278A2EF8375D787C /* [CP] Embed Pods Frameworks */,
			);
			buildRules = (
			);
			dependencies = (
			);
			name = RestaurantApp;
			productName = RestaurantApp;
			productReference = 957A457722352B7C0011B3DD /* RestaurantApp.app */;
			productType = "com.apple.product-type.application";
		};
/* End PBXNativeTarget section */

/* Begin PBXProject section */
		957A456F22352B7B0011B3DD /* Project object */ = {
			isa = PBXProject;
			attributes = {
				LastSwiftUpdateCheck = 1010;
				LastUpgradeCheck = 1010;
				ORGANIZATIONNAME = "Mohammed Badr";
				TargetAttributes = {
					957A457622352B7B0011B3DD = {
						CreatedOnToolsVersion = 10.1;
					};
				};
			};
			buildConfigurationList = 957A457222352B7B0011B3DD /* Build configuration list for PBXProject "RestaurantApp" */;
			compatibilityVersion = "Xcode 9.3";
			developmentRegion = en;
			hasScannedForEncodings = 0;
			knownRegions = (
				en,
				Base,
			);
			mainGroup = 957A456E22352B7B0011B3DD;
			productRefGroup = 957A457822352B7C0011B3DD /* Products */;
			projectDirPath = "";
			projectRoot = "";
			targets = (
				957A457622352B7B0011B3DD /* RestaurantApp */,
			);
		};
/* End PBXProject section */

/* Begin PBXResourcesBuildPhase section */
		957A457522352B7B0011B3DD /* Resources */ = {
			isa = PBXResourcesBuildPhase;
			buildActionMask = 2147483647;
			files = (
				957A458522352B7F0011B3DD /* LaunchScreen.storyboard in Resources */,
				957A458222352B7F0011B3DD /* Assets.xcassets in Resources */,
				951282D82237DA9600A79854 /* Podfile in Resources */,
				957A458022352B7C0011B3DD /* Main.storyboard in Resources */,
			);
			runOnlyForDeploymentPostprocessing = 0;
		};
/* End PBXResourcesBuildPhase section */

/* Begin PBXShellScriptBuildPhase section */
		505E1FE8278A2EF8375D787C /* [CP] Embed Pods Frameworks */ = {
			isa = PBXShellScriptBuildPhase;
			buildActionMask = 2147483647;
			files = (
			);
			inputFileListPaths = (
			);
			inputPaths = (
				"${PODS_ROOT}/Target Support Files/Pods-RestaurantApp/Pods-RestaurantApp-frameworks.sh",
				"${BUILT_PRODUCTS_DIR}/Alamofire/Alamofire.framework",
				"${BUILT_PRODUCTS_DIR}/AlamofireImage/AlamofireImage.framework",
				"${BUILT_PRODUCTS_DIR}/Moya/Moya.framework",
				"${BUILT_PRODUCTS_DIR}/Result/Result.framework",
			);
			name = "[CP] Embed Pods Frameworks";
			outputFileListPaths = (
			);
			outputPaths = (
				"${TARGET_BUILD_DIR}/${FRAMEWORKS_FOLDER_PATH}/Alamofire.framework",
				"${TARGET_BUILD_DIR}/${FRAMEWORKS_FOLDER_PATH}/AlamofireImage.framework",
				"${TARGET_BUILD_DIR}/${FRAMEWORKS_FOLDER_PATH}/Moya.framework",
				"${TARGET_BUILD_DIR}/${FRAMEWORKS_FOLDER_PATH}/Result.framework",
			);
			runOnlyForDeploymentPostprocessing = 0;
			shellPath = /bin/sh;
			shellScript = "\"${PODS_ROOT}/Target Support Files/Pods-RestaurantApp/Pods-RestaurantApp-frameworks.sh\"\n";
			showEnvVarsInLog = 0;
		};
		8A188AFFFD903D064BFC2995 /* [CP] Check Pods Manifest.lock */ = {
			isa = PBXShellScriptBuildPhase;
			buildActionMask = 2147483647;
			files = (
			);
			inputFileListPaths = (
			);
			inputPaths = (
				"${PODS_PODFILE_DIR_PATH}/Podfile.lock",
				"${PODS_ROOT}/Manifest.lock",
			);
			name = "[CP] Check Pods Manifest.lock";
			outputFileListPaths = (
			);
			outputPaths = (
				"$(DERIVED_FILE_DIR)/Pods-RestaurantApp-checkManifestLockResult.txt",
			);
			runOnlyForDeploymentPostprocessing = 0;
			shellPath = /bin/sh;
			shellScript = "diff \"${PODS_PODFILE_DIR_PATH}/Podfile.lock\" \"${PODS_ROOT}/Manifest.lock\" > /dev/null\nif [ $? != 0 ] ; then\n    # print error to STDERR\n    echo \"error: The sandbox is not in sync with the Podfile.lock. Run 'pod install' or update your CocoaPods installation.\" >&2\n    exit 1\nfi\n# This output is used by Xcode 'outputs' to avoid re-running this script phase.\necho \"SUCCESS\" > \"${SCRIPT_OUTPUT_FILE_0}\"\n";
			showEnvVarsInLog = 0;
		};
/* End PBXShellScriptBuildPhase section */

/* Begin PBXSourcesBuildPhase section */
		957A457322352B7B0011B3DD /* Sources */ = {
			isa = PBXSourcesBuildPhase;
			buildActionMask = 2147483647;
			files = (
				959AE92F22384A2B00202E43 /* NetworkService.swift in Sources */,
				950F127B2236858F006396F1 /* BaseView.swift in Sources */,
				951D178222368E8700AD5B0E /* LocationView.swift in Sources */,
				959AE931223860F900202E43 /* Models.swift in Sources */,
				950F128722368A43006396F1 /* restaurantTableViewCell.swift in Sources */,
				950F127F223686C2006396F1 /* DetailsFoodView.swift in Sources */,
				950F1281223688B6006396F1 /* DetailsFoodViewController.swift in Sources */,
				950F1284223689BD006396F1 /* RestaurantTableViewController.swift in Sources */,
				951D178422368F7800AD5B0E /* LocationViewController.swift in Sources */,
				95A0122D223D3CF300808BF0 /* DetailsCollectionViewCell.swift in Sources */,
				957A457D22352B7C0011B3DD /* ViewController.swift in Sources */,
				95C839DB2236C176008BE495 /* LocationService.swift in Sources */,
				957A457B22352B7C0011B3DD /* AppDelegate.swift in Sources */,
			);
			runOnlyForDeploymentPostprocessing = 0;
		};
/* End PBXSourcesBuildPhase section */

/* Begin PBXVariantGroup section */
		957A457E22352B7C0011B3DD /* Main.storyboard */ = {
			isa = PBXVariantGroup;
			children = (
				957A457F22352B7C0011B3DD /* Base */,
			);
			name = Main.storyboard;
			sourceTree = "<group>";
		};
		957A458322352B7F0011B3DD /* LaunchScreen.storyboard */ = {
			isa = PBXVariantGroup;
			children = (
				957A458422352B7F0011B3DD /* Base */,
			);
			name = LaunchScreen.storyboard;
			sourceTree = "<group>";
		};
/* End PBXVariantGroup section */

/* Begin XCBuildConfiguration section */
		957A458722352B7F0011B3DD /* Debug */ = {
			isa = XCBuildConfiguration;
			buildSettings = {
				ALWAYS_SEARCH_USER_PATHS = NO;
				CLANG_ANALYZER_NONNULL = YES;
				CLANG_ANALYZER_NUMBER_OBJECT_CONVERSION = YES_AGGRESSIVE;
				CLANG_CXX_LANGUAGE_STANDARD = "gnu++14";
				CLANG_CXX_LIBRARY = "libc++";
				CLANG_ENABLE_MODULES = YES;
				CLANG_ENABLE_OBJC_ARC = YES;
				CLANG_ENABLE_OBJC_WEAK = YES;
				CLANG_WARN_BLOCK_CAPTURE_AUTORELEASING = YES;
				CLANG_WARN_BOOL_CONVERSION = YES;
				CLANG_WARN_COMMA = YES;
				CLANG_WARN_CONSTANT_CONVERSION = YES;
				CLANG_WARN_DEPRECATED_OBJC_IMPLEMENTATIONS = YES;
				CLANG_WARN_DIRECT_OBJC_ISA_USAGE = YES_ERROR;
				CLANG_WARN_DOCUMENTATION_COMMENTS = YES;
				CLANG_WARN_EMPTY_BODY = YES;
				CLANG_WARN_ENUM_CONVERSION = YES;
				CLANG_WARN_INFINITE_RECURSION = YES;
				CLANG_WARN_INT_CONVERSION = YES;
				CLANG_WARN_NON_LITERAL_NULL_CONVERSION = YES;
				CLANG_WARN_OBJC_IMPLICIT_RETAIN_SELF = YES;
				CLANG_WARN_OBJC_LITERAL_CONVERSION = YES;
				CLANG_WARN_OBJC_ROOT_CLASS = YES_ERROR;
				CLANG_WARN_RANGE_LOOP_ANALYSIS = YES;
				CLANG_WARN_STRICT_PROTOTYPES = YES;
				CLANG_WARN_SUSPICIOUS_MOVE = YES;
				CLANG_WARN_UNGUARDED_AVAILABILITY = YES_AGGRESSIVE;
				CLANG_WARN_UNREACHABLE_CODE = YES;
				CLANG_WARN__DUPLICATE_METHOD_MATCH = YES;
				CODE_SIGN_IDENTITY = "iPhone Developer";
				COPY_PHASE_STRIP = NO;
				DEBUG_INFORMATION_FORMAT = dwarf;
				ENABLE_STRICT_OBJC_MSGSEND = YES;
				ENABLE_TESTABILITY = YES;
				GCC_C_LANGUAGE_STANDARD = gnu11;
				GCC_DYNAMIC_NO_PIC = NO;
				GCC_NO_COMMON_BLOCKS = YES;
				GCC_OPTIMIZATION_LEVEL = 0;
				GCC_PREPROCESSOR_DEFINITIONS = (
					"DEBUG=1",
					"$(inherited)",
				);
				GCC_WARN_64_TO_32_BIT_CONVERSION = YES;
				GCC_WARN_ABOUT_RETURN_TYPE = YES_ERROR;
				GCC_WARN_UNDECLARED_SELECTOR = YES;
				GCC_WARN_UNINITIALIZED_AUTOS = YES_AGGRESSIVE;
				GCC_WARN_UNUSED_FUNCTION = YES;
				GCC_WARN_UNUSED_VARIABLE = YES;
				IPHONEOS_DEPLOYMENT_TARGET = 12.1;
				MTL_ENABLE_DEBUG_INFO = INCLUDE_SOURCE;
				MTL_FAST_MATH = YES;
				ONLY_ACTIVE_ARCH = YES;
				SDKROOT = iphoneos;
				SWIFT_ACTIVE_COMPILATION_CONDITIONS = DEBUG;
				SWIFT_OPTIMIZATION_LEVEL = "-Onone";
			};
			name = Debug;
		};
		957A458822352B7F0011B3DD /* Release */ = {
			isa = XCBuildConfiguration;
			buildSettings = {
				ALWAYS_SEARCH_USER_PATHS = NO;
				CLANG_ANALYZER_NONNULL = YES;
				CLANG_ANALYZER_NUMBER_OBJECT_CONVERSION = YES_AGGRESSIVE;
				CLANG_CXX_LANGUAGE_STANDARD = "gnu++14";
				CLANG_CXX_LIBRARY = "libc++";
				CLANG_ENABLE_MODULES = YES;
				CLANG_ENABLE_OBJC_ARC = YES;
				CLANG_ENABLE_OBJC_WEAK = YES;
				CLANG_WARN_BLOCK_CAPTURE_AUTORELEASING = YES;
				CLANG_WARN_BOOL_CONVERSION = YES;
				CLANG_WARN_COMMA = YES;
				CLANG_WARN_CONSTANT_CONVERSION = YES;
				CLANG_WARN_DEPRECATED_OBJC_IMPLEMENTATIONS = YES;
				CLANG_WARN_DIRECT_OBJC_ISA_USAGE = YES_ERROR;
				CLANG_WARN_DOCUMENTATION_COMMENTS = YES;
				CLANG_WARN_EMPTY_BODY = YES;
				CLANG_WARN_ENUM_CONVERSION = YES;
				CLANG_WARN_INFINITE_RECURSION = YES;
				CLANG_WARN_INT_CONVERSION = YES;
				CLANG_WARN_NON_LITERAL_NULL_CONVERSION = YES;
				CLANG_WARN_OBJC_IMPLICIT_RETAIN_SELF = YES;
				CLANG_WARN_OBJC_LITERAL_CONVERSION = YES;
				CLANG_WARN_OBJC_ROOT_CLASS = YES_ERROR;
				CLANG_WARN_RANGE_LOOP_ANALYSIS = YES;
				CLANG_WARN_STRICT_PROTOTYPES = YES;
				CLANG_WARN_SUSPICIOUS_MOVE = YES;
				CLANG_WARN_UNGUARDED_AVAILABILITY = YES_AGGRESSIVE;
				CLANG_WARN_UNREACHABLE_CODE = YES;
				CLANG_WARN__DUPLICATE_METHOD_MATCH = YES;
				CODE_SIGN_IDENTITY = "iPhone Developer";
				COPY_PHASE_STRIP = NO;
				DEBUG_INFORMATION_FORMAT = "dwarf-with-dsym";
				ENABLE_NS_ASSERTIONS = NO;
				ENABLE_STRICT_OBJC_MSGSEND = YES;
				GCC_C_LANGUAGE_STANDARD = gnu11;
				GCC_NO_COMMON_BLOCKS = YES;
				GCC_WARN_64_TO_32_BIT_CONVERSION = YES;
				GCC_WARN_ABOUT_RETURN_TYPE = YES_ERROR;
				GCC_WARN_UNDECLARED_SELECTOR = YES;
				GCC_WARN_UNINITIALIZED_AUTOS = YES_AGGRESSIVE;
				GCC_WARN_UNUSED_FUNCTION = YES;
				GCC_WARN_UNUSED_VARIABLE = YES;
				IPHONEOS_DEPLOYMENT_TARGET = 12.1;
				MTL_ENABLE_DEBUG_INFO = NO;
				MTL_FAST_MATH = YES;
				SDKROOT = iphoneos;
				SWIFT_COMPILATION_MODE = wholemodule;
				SWIFT_OPTIMIZATION_LEVEL = "-O";
				VALIDATE_PRODUCT = YES;
			};
			name = Release;
		};
		957A458A22352B7F0011B3DD /* Debug */ = {
			isa = XCBuildConfiguration;
			baseConfigurationReference = 904E4F90958D7085BBDBA31A /* Pods-RestaurantApp.debug.xcconfig */;
			buildSettings = {
				ASSETCATALOG_COMPILER_APPICON_NAME = AppIcon;
				CODE_SIGN_STYLE = Automatic;
				INFOPLIST_FILE = RestaurantApp/Info.plist;
				LD_RUNPATH_SEARCH_PATHS = (
					"$(inherited)",
					"@executable_path/Frameworks",
				);
				PRODUCT_BUNDLE_IDENTIFIER = com.mohammedBadr.RestaurantApp;
				PRODUCT_NAME = "$(TARGET_NAME)";
				SWIFT_VERSION = 4.2;
				TARGETED_DEVICE_FAMILY = "1,2";
			};
			name = Debug;
		};
		957A458B22352B7F0011B3DD /* Release */ = {
			isa = XCBuildConfiguration;
			baseConfigurationReference = 1E6ABEA69537DDAD1F72DA20 /* Pods-RestaurantApp.release.xcconfig */;
			buildSettings = {
				ASSETCATALOG_COMPILER_APPICON_NAME = AppIcon;
				CODE_SIGN_STYLE = Automatic;
				INFOPLIST_FILE = RestaurantApp/Info.plist;
				LD_RUNPATH_SEARCH_PATHS = (
					"$(inherited)",
					"@executable_path/Frameworks",
				);
				PRODUCT_BUNDLE_IDENTIFIER = com.mohammedBadr.RestaurantApp;
				PRODUCT_NAME = "$(TARGET_NAME)";
				SWIFT_VERSION = 4.2;
				TARGETED_DEVICE_FAMILY = "1,2";
			};
			name = Release;
		};
/* End XCBuildConfiguration section */

/* Begin XCConfigurationList section */
		957A457222352B7B0011B3DD /* Build configuration list for PBXProject "RestaurantApp" */ = {
			isa = XCConfigurationList;
			buildConfigurations = (
				957A458722352B7F0011B3DD /* Debug */,
				957A458822352B7F0011B3DD /* Release */,
			);
			defaultConfigurationIsVisible = 0;
			defaultConfigurationName = Release;
		};
		957A458922352B7F0011B3DD /* Build configuration list for PBXNativeTarget "RestaurantApp" */ = {
			isa = XCConfigurationList;
			buildConfigurations = (
				957A458A22352B7F0011B3DD /* Debug */,
				957A458B22352B7F0011B3DD /* Release */,
			);
			defaultConfigurationIsVisible = 0;
			defaultConfigurationName = Release;
		};
/* End XCConfigurationList section */
	};
	rootObject = 957A456F22352B7B0011B3DD /* Project object */;
}
